{
  "nodes": {
    "chemacs2": {
      "flake": false,
      "locked": {
        "lastModified": 1674216959,
        "narHash": "sha256-/WtacZPr45lurS0hv+W8UGzsXY3RujkU5oGGGqjqG0Q=",
        "owner": "plexus",
        "repo": "chemacs2",
        "rev": "c2d700b784c793cc82131ef86323801b8d6e67bb",
        "type": "github"
      },
      "original": {
        "owner": "plexus",
        "ref": "main",
        "repo": "chemacs2",
        "type": "github"
      }
    },
    "darwin": {
      "inputs": {
        "nixpkgs": [
          "nixpkgs-unstable"
        ]
      },
      "locked": {
        "lastModified": 1711763326,
        "narHash": "sha256-sXcesZWKXFlEQ8oyGHnfk4xc9f2Ip0X/+YZOq3sKviI=",
        "owner": "LnL7",
        "repo": "nix-darwin",
        "rev": "36524adc31566655f2f4d55ad6b875fb5c1a4083",
        "type": "github"
      },
      "original": {
        "owner": "LnL7",
        "ref": "master",
        "repo": "nix-darwin",
        "type": "github"
      }
    },
    "doomemacs": {
      "flake": false,
      "locked": {
        "lastModified": 1712358354,
        "narHash": "sha256-1c8r85ENZqlNMXE2jDxPEvqZHUk8IRndweKTNCU4cec=",
        "owner": "doomemacs",
        "repo": "doomemacs",
        "rev": "57f43e095344c562778859acfa300668f78af031",
        "type": "github"
      },
      "original": {
        "owner": "doomemacs",
        "ref": "master",
        "repo": "doomemacs",
        "type": "github"
      }
    },
    "emacs-overlay": {
      "inputs": {
        "flake-utils": "flake-utils",
        "nixpkgs": "nixpkgs",
        "nixpkgs-stable": "nixpkgs-stable"
      },
      "locked": {
        "lastModified": 1712367860,
        "narHash": "sha256-OqabNuHSXMYeugAwBIrJ6uNW9HXI02gC3SaarhLDCsw=",
        "owner": "nix-community",
        "repo": "emacs-overlay",
        "rev": "1c772b55c22f91a1b26c4318671deb1788628f24",
        "type": "github"
      },
      "original": {
        "owner": "nix-community",
        "repo": "emacs-overlay",
        "type": "github"
      }
    },
    "fast-syntax-highlighting": {
      "flake": false,
      "locked": {
        "lastModified": 1688591419,
        "narHash": "sha256-RVX9ZSzjBW3LpFs2W86lKI6vtcvDWP6EPxzeTcRZua4=",
        "owner": "zdharma-continuum",
        "repo": "fast-syntax-highlighting",
        "rev": "cf318e06a9b7c9f2219d78f41b46fa6e06011fd9",
        "type": "github"
      },
      "original": {
        "owner": "zdharma-continuum",
        "repo": "fast-syntax-highlighting",
        "type": "github"
      }
    },
    "flake-compat": {
      "flake": false,
      "locked": {
        "lastModified": 1696426674,
        "narHash": "sha256-kvjfFW7WAETZlt09AgDn1MrtKzP7t90Vf7vypd3OL1U=",
        "owner": "edolstra",
        "repo": "flake-compat",
        "rev": "0f9255e01c2351cc7d116c072cb317785dd33b33",
        "type": "github"
      },
      "original": {
        "owner": "edolstra",
        "repo": "flake-compat",
        "type": "github"
      }
    },
    "flake-utils": {
      "inputs": {
        "systems": "systems"
      },
      "locked": {
        "lastModified": 1710146030,
        "narHash": "sha256-SZ5L6eA7HJ/nmkzGG7/ISclqe6oZdOZTNoesiInkXPQ=",
        "owner": "numtide",
        "repo": "flake-utils",
        "rev": "b1d9ab70662946ef0850d488da1c9019f3a9752a",
        "type": "github"
      },
      "original": {
        "owner": "numtide",
        "repo": "flake-utils",
        "type": "github"
      }
    },
    "flake-utils_2": {
      "inputs": {
        "systems": "systems_2"
      },
      "locked": {
        "lastModified": 1710146030,
        "narHash": "sha256-SZ5L6eA7HJ/nmkzGG7/ISclqe6oZdOZTNoesiInkXPQ=",
        "owner": "numtide",
        "repo": "flake-utils",
        "rev": "b1d9ab70662946ef0850d488da1c9019f3a9752a",
        "type": "github"
      },
      "original": {
        "owner": "numtide",
        "repo": "flake-utils",
        "type": "github"
      }
    },
    "fzf-tab": {
      "flake": false,
      "locked": {
        "lastModified": 1710254683,
        "narHash": "sha256-0/YOL1/G2SWncbLNaclSYUz7VyfWu+OB8TYJYm4NYkM=",
        "owner": "Aloxaf",
        "repo": "fzf-tab",
        "rev": "bf3ef5588af6d3bf7cc60f2ad2c1c95bca216241",
        "type": "github"
      },
      "original": {
        "owner": "Aloxaf",
        "repo": "fzf-tab",
        "type": "github"
      }
    },
    "home-manager": {
      "inputs": {
        "nixpkgs": "nixpkgs_2"
      },
      "locked": {
        "lastModified": 1712317700,
        "narHash": "sha256-rnkQ6qMhlxfjpCECkTMlFXHU/88QvC5KpdJWq5H6F1E=",
        "owner": "nix-community",
        "repo": "home-manager",
        "rev": "782eed8bb64b27acaeb7c17be4a095c85e65717f",
        "type": "github"
      },
      "original": {
        "owner": "nix-community",
        "ref": "master",
        "repo": "home-manager",
        "type": "github"
      }
    },
    "nixpkgs": {
      "locked": {
        "lastModified": 1712163089,
        "narHash": "sha256-Um+8kTIrC19vD4/lUCN9/cU9kcOsD1O1m+axJqQPyMM=",
        "owner": "NixOS",
        "repo": "nixpkgs",
        "rev": "fd281bd6b7d3e32ddfa399853946f782553163b5",
        "type": "github"
      },
      "original": {
        "owner": "NixOS",
        "ref": "nixos-unstable",
        "repo": "nixpkgs",
        "type": "github"
      }
    },
    "nixpkgs-master": {
      "locked": {
        "lastModified": 1712371933,
        "narHash": "sha256-tbht2V09/X/lO1ylTeAc0qsxkBSg4QdS49alfKMeiLY=",
        "owner": "NixOS",
        "repo": "nixpkgs",
        "rev": "f9280749b6bcec3143f4f28bbf2b2dc541e0225a",
        "type": "github"
      },
      "original": {
        "owner": "NixOS",
        "ref": "master",
        "repo": "nixpkgs",
        "type": "github"
      }
    },
    "nixpkgs-stable": {
      "locked": {
        "lastModified": 1712168706,
        "narHash": "sha256-XP24tOobf6GGElMd0ux90FEBalUtw6NkBSVh/RlA6ik=",
        "owner": "NixOS",
        "repo": "nixpkgs",
        "rev": "1487bdea619e4a7a53a4590c475deabb5a9d1bfb",
        "type": "github"
      },
      "original": {
        "owner": "NixOS",
        "ref": "nixos-23.11",
        "repo": "nixpkgs",
        "type": "github"
      }
    },
    "nixpkgs-stable_2": {
      "locked": {
        "lastModified": 1712339690,
        "narHash": "sha256-RZliobTYyNDijNy7N7oQWva9lMBZj3955HK9QCh/RGg=",
        "owner": "NixOS",
        "repo": "nixpkgs",
        "rev": "19bd6ce4616494d159f598348c2ec8c892bc7bf7",
        "type": "github"
      },
      "original": {
        "owner": "NixOS",
        "ref": "release-23.11",
        "repo": "nixpkgs",
        "type": "github"
      }
    },
    "nixpkgs-unstable": {
      "locked": {
        "lastModified": 1712222121,
        "narHash": "sha256-8f3glF4uwsPlDvaKDRgXD9xGe4YoCH4jA8ICxy/NbCo=",
        "owner": "NixOS",
        "repo": "nixpkgs",
        "rev": "23ff7d9dc4f3d553939e7bfe0d2667198f993536",
        "type": "github"
      },
      "original": {
        "owner": "NixOS",
        "ref": "nixpkgs-unstable",
        "repo": "nixpkgs",
        "type": "github"
      }
    },
    "nixpkgs_2": {
      "locked": {
        "lastModified": 1711703276,
        "narHash": "sha256-iMUFArF0WCatKK6RzfUJknjem0H9m4KgorO/p3Dopkk=",
        "owner": "NixOS",
        "repo": "nixpkgs",
        "rev": "d8fe5e6c92d0d190646fb9f1056741a229980089",
        "type": "github"
      },
      "original": {
        "owner": "NixOS",
        "ref": "nixos-unstable",
        "repo": "nixpkgs",
        "type": "github"
      }
    },
    "powerlevel10k": {
      "flake": false,
      "locked": {
        "lastModified": 1712343261,
        "narHash": "sha256-iXpnOpStDttlNeJ3OPQ/WskPpj3uzNrwPhkP3eA8fNc=",
        "owner": "romkatv",
        "repo": "powerlevel10k",
        "rev": "aeff1153d405ebc9f60d4a8cb7afce5451c07358",
        "type": "github"
      },
      "original": {
        "owner": "romkatv",
        "repo": "powerlevel10k",
        "type": "github"
      }
    },
    "root": {
      "inputs": {
        "chemacs2": "chemacs2",
        "darwin": "darwin",
        "doomemacs": "doomemacs",
        "emacs-overlay": "emacs-overlay",
        "fast-syntax-highlighting": "fast-syntax-highlighting",
        "flake-compat": "flake-compat",
        "flake-utils": "flake-utils_2",
        "fzf-tab": "fzf-tab",
        "home-manager": "home-manager",
        "nixpkgs-master": "nixpkgs-master",
        "nixpkgs-stable": "nixpkgs-stable_2",
        "nixpkgs-unstable": "nixpkgs-unstable",
        "powerlevel10k": "powerlevel10k",
        "spacemacs": "spacemacs"
      }
    },
    "spacemacs": {
      "flake": false,
      "locked": {
        "lastModified": 1712173081,
        "narHash": "sha256-D5uI9nIf0Ocxs6ZPj9/BebFM81bizZdSAHRu43csuMA=",
        "owner": "syl20bnr",
        "repo": "spacemacs",
        "rev": "a58a7d79b3713bcf693bb61d9ba83d650a6aba86",
        "type": "github"
      },
      "original": {
        "owner": "syl20bnr",
        "ref": "develop",
        "repo": "spacemacs",
        "type": "github"
      }
    },
    "systems": {
      "locked": {
        "lastModified": 1681028828,
        "narHash": "sha256-Vy1rq5AaRuLzOxct8nz4T6wlgyUR7zLU309k9mBC768=",
        "owner": "nix-systems",
        "repo": "default",
        "rev": "da67096a3b9bf56a91d16901293e51ba5b49a27e",
        "type": "github"
      },
      "original": {
        "owner": "nix-systems",
        "repo": "default",
        "type": "github"
      }
    },
    "systems_2": {
      "locked": {
        "lastModified": 1681028828,
        "narHash": "sha256-Vy1rq5AaRuLzOxct8nz4T6wlgyUR7zLU309k9mBC768=",
        "owner": "nix-systems",
        "repo": "default",
        "rev": "da67096a3b9bf56a91d16901293e51ba5b49a27e",
        "type": "github"
      },
      "original": {
        "owner": "nix-systems",
        "repo": "default",
        "type": "github"
      }
    }
  },
  "root": "root",
  "version": 7
}
